
Microsoft Visual Studio Solution File, Format Version 12.00
# Visual Studio Version 17
VisualStudioVersion = 17.0.31912.275
MinimumVisualStudioVersion = 10.0.40219.1
Project("{FAE04EC0-301F-11D3-BF4B-00C04F79EFBC}") = "SBCaseAPI", "SBCaseAPI\SBCaseAPI.csproj", "{EF71C847-A930-4770-BA72-3956B2BFD9D8}"
EndProject
Project("{FAE04EC0-301F-11D3-BF4B-00C04F79EFBC}") = "SBData", "SBData\SBData.csproj", "{70769DE6-215F-43E1-AC85-2B0E994B0425}"
EndProject
Global
	GlobalSection(SolutionConfigurationPlatforms) = preSolution
		Debug|Any CPU = Debug|Any CPU
		Release|Any CPU = Release|Any CPU
	EndGlobalSection
	GlobalSection(ProjectConfigurationPlatforms) = postSolution
		{EF71C847-A930-4770-BA72-3956B2BFD9D8}.Debug|Any CPU.ActiveCfg = Debug|Any CPU
		{EF71C847-A930-4770-BA72-3956B2BFD9D8}.Debug|Any CPU.Build.0 = Debug|Any CPU
		{EF71C847-A930-4770-BA72-3956B2BFD9D8}.Release|Any CPU.ActiveCfg = Release|Any CPU
		{EF71C847-A930-4770-BA72-3956B2BFD9D8}.Release|Any CPU.Build.0 = Release|Any CPU
		{70769DE6-215F-43E1-AC85-2B0E994B0425}.Debug|Any CPU.ActiveCfg = Debug|Any CPU
		{70769DE6-215F-43E1-AC85-2B0E994B0425}.Debug|Any CPU.Build.0 = Debug|Any CPU
		{70769DE6-215F-43E1-AC85-2B0E994B0425}.Release|Any CPU.ActiveCfg = Release|Any CPU
		{70769DE6-215F-43E1-AC85-2B0E994B0425}.Release|Any CPU.Build.0 = Release|Any CPU
	EndGlobalSection
	GlobalSection(SolutionProperties) = preSolution
		HideSolutionNode = FALSE
	EndGlobalSection
	GlobalSection(ExtensibilityGlobals) = postSolution
		SolutionGuid = {8D83E0D4-ED01-48E8-97E4-47CB55421A22}
	EndGlobalSection
EndGlobal
